// !$*UTF8*$!
{
	archiveVersion = 1;
	classes = {
	};
	objectVersion = 50;
	objects = {

/* Begin PBXBuildFile section */
		320F80BF22CBFA600026946E /* AppDelegate.swift in Sources */ = {isa = PBXBuildFile; fileRef = 320F80BE22CBFA600026946E /* AppDelegate.swift */; };
		320F80C122CBFA600026946E /* ViewController.swift in Sources */ = {isa = PBXBuildFile; fileRef = 320F80C022CBFA600026946E /* ViewController.swift */; };
		320F80C422CBFA600026946E /* Main.storyboard in Resources */ = {isa = PBXBuildFile; fileRef = 320F80C222CBFA600026946E /* Main.storyboard */; };
		320F80C622CBFA620026946E /* Assets.xcassets in Resources */ = {isa = PBXBuildFile; fileRef = 320F80C522CBFA620026946E /* Assets.xcassets */; };
		320F80C922CBFA620026946E /* LaunchScreen.storyboard in Resources */ = {isa = PBXBuildFile; fileRef = 320F80C722CBFA620026946E /* LaunchScreen.storyboard */; };
		320F80D422CBFA620026946E /* NotesTests.swift in Sources */ = {isa = PBXBuildFile; fileRef = 320F80D322CBFA620026946E /* NotesTests.swift */; };
		320F80F422CBFFA70026946E /* NoteExtension.swift in Sources */ = {isa = PBXBuildFile; fileRef = 320F80F122CBFFA70026946E /* NoteExtension.swift */; };
		320F80F522CBFFA70026946E /* FileNotebook.swift in Sources */ = {isa = PBXBuildFile; fileRef = 320F80F222CBFFA70026946E /* FileNotebook.swift */; };
		320F80F622CBFFA70026946E /* Note.swift in Sources */ = {isa = PBXBuildFile; fileRef = 320F80F322CBFFA70026946E /* Note.swift */; };
/* End PBXBuildFile section */

/* Begin PBXContainerItemProxy section */
		320F80D022CBFA620026946E /* PBXContainerItemProxy */ = {
			isa = PBXContainerItemProxy;
			containerPortal = 320F80B322CBFA600026946E /* Project object */;
			proxyType = 1;
			remoteGlobalIDString = 320F80BA22CBFA600026946E;
			remoteInfo = Notes;
		};
/* End PBXContainerItemProxy section */

/* Begin PBXFileReference section */
		320F80BB22CBFA600026946E /* Notes.app */ = {isa = PBXFileReference; explicitFileType = wrapper.application; includeInIndex = 0; path = Notes.app; sourceTree = BUILT_PRODUCTS_DIR; };
		320F80BE22CBFA600026946E /* AppDelegate.swift */ = {isa = PBXFileReference; lastKnownFileType = sourcecode.swift; path = AppDelegate.swift; sourceTree = "<group>"; };
		320F80C022CBFA600026946E /* ViewController.swift */ = {isa = PBXFileReference; lastKnownFileType = sourcecode.swift; path = ViewController.swift; sourceTree = "<group>"; };
		320F80C322CBFA600026946E /* Base */ = {isa = PBXFileReference; lastKnownFileType = file.storyboard; name = Base; path = Base.lproj/Main.storyboard; sourceTree = "<group>"; };
		320F80C522CBFA620026946E /* Assets.xcassets */ = {isa = PBXFileReference; lastKnownFileType = folder.assetcatalog; path = Assets.xcassets; sourceTree = "<group>"; };
		320F80C822CBFA620026946E /* Base */ = {isa = PBXFileReference; lastKnownFileType = file.storyboard; name = Base; path = Base.lproj/LaunchScreen.storyboard; sourceTree = "<group>"; };
		320F80CA22CBFA620026946E /* Info.plist */ = {isa = PBXFileReference; lastKnownFileType = text.plist.xml; path = Info.plist; sourceTree = "<group>"; };
		320F80CF22CBFA620026946E /* NotesTests.xctest */ = {isa = PBXFileReference; explicitFileType = wrapper.cfbundle; includeInIndex = 0; path = NotesTests.xctest; sourceTree = BUILT_PRODUCTS_DIR; };
		320F80D322CBFA620026946E /* NotesTests.swift */ = {isa = PBXFileReference; lastKnownFileType = sourcecode.swift; path = NotesTests.swift; sourceTree = "<group>"; };
		320F80D522CBFA620026946E /* Info.plist */ = {isa = PBXFileReference; lastKnownFileType = text.plist.xml; path = Info.plist; sourceTree = "<group>"; };
		320F80F122CBFFA70026946E /* NoteExtension.swift */ = {isa = PBXFileReference; fileEncoding = 4; lastKnownFileType = sourcecode.swift; path = NoteExtension.swift; sourceTree = "<group>"; };
		320F80F222CBFFA70026946E /* FileNotebook.swift */ = {isa = PBXFileReference; fileEncoding = 4; lastKnownFileType = sourcecode.swift; path = FileNotebook.swift; sourceTree = "<group>"; };
		320F80F322CBFFA70026946E /* Note.swift */ = {isa = PBXFileReference; fileEncoding = 4; lastKnownFileType = sourcecode.swift; path = Note.swift; sourceTree = "<group>"; };
/* End PBXFileReference section */

/* Begin PBXFrameworksBuildPhase section */
		320F80B822CBFA600026946E /* Frameworks */ = {
			isa = PBXFrameworksBuildPhase;
			buildActionMask = 2147483647;
			files = (
			);
			runOnlyForDeploymentPostprocessing = 0;
		};
		320F80CC22CBFA620026946E /* Frameworks */ = {
			isa = PBXFrameworksBuildPhase;
			buildActionMask = 2147483647;
			files = (
			);
			runOnlyForDeploymentPostprocessing = 0;
		};
/* End PBXFrameworksBuildPhase section */

/* Begin PBXGroup section */
		320F80B222CBFA600026946E = {
			isa = PBXGroup;
			children = (
				320F80BD22CBFA600026946E /* Notes */,
				320F80D222CBFA620026946E /* NotesTests */,
				320F80BC22CBFA600026946E /* Products */,
			);
			sourceTree = "<group>";
		};
		320F80BC22CBFA600026946E /* Products */ = {
			isa = PBXGroup;
			children = (
				320F80BB22CBFA600026946E /* Notes.app */,
				320F80CF22CBFA620026946E /* NotesTests.xctest */,
			);
			name = Products;
			sourceTree = "<group>";
		};
		320F80BD22CBFA600026946E /* Notes */ = {
			isa = PBXGroup;
			children = (
				320F80DE22CBFAA60026946E /* Model */,
				320F80BE22CBFA600026946E /* AppDelegate.swift */,
				320F80C022CBFA600026946E /* ViewController.swift */,
				320F80C222CBFA600026946E /* Main.storyboard */,
				320F80C522CBFA620026946E /* Assets.xcassets */,
				320F80C722CBFA620026946E /* LaunchScreen.storyboard */,
				320F80CA22CBFA620026946E /* Info.plist */,
			);
			path = Notes;
			sourceTree = "<group>";
		};
		320F80D222CBFA620026946E /* NotesTests */ = {
			isa = PBXGroup;
			children = (
				320F80D322CBFA620026946E /* NotesTests.swift */,
				320F80D522CBFA620026946E /* Info.plist */,
			);
			path = NotesTests;
			sourceTree = "<group>";
		};
		320F80DE22CBFAA60026946E /* Model */ = {
			isa = PBXGroup;
			children = (
				320F80F222CBFFA70026946E /* FileNotebook.swift */,
				320F80F322CBFFA70026946E /* Note.swift */,
				320F80F122CBFFA70026946E /* NoteExtension.swift */,
			);
			path = Model;
			sourceTree = "<group>";
		};
/* End PBXGroup section */

/* Begin PBXNativeTarget section */
		320F80BA22CBFA600026946E /* Notes */ = {
			isa = PBXNativeTarget;
			buildConfigurationList = 320F80D822CBFA620026946E /* Build configuration list for PBXNativeTarget "Notes" */;
			buildPhases = (
				320F80B722CBFA600026946E /* Sources */,
				320F80B822CBFA600026946E /* Frameworks */,
				320F80B922CBFA600026946E /* Resources */,
			);
			buildRules = (
			);
			dependencies = (
			);
			name = Notes;
			productName = Notes;
			productReference = 320F80BB22CBFA600026946E /* Notes.app */;
			productType = "com.apple.product-type.application";
		};
		320F80CE22CBFA620026946E /* NotesTests */ = {
			isa = PBXNativeTarget;
			buildConfigurationList = 320F80DB22CBFA620026946E /* Build configuration list for PBXNativeTarget "NotesTests" */;
			buildPhases = (
				320F80CB22CBFA620026946E /* Sources */,
				320F80CC22CBFA620026946E /* Frameworks */,
				320F80CD22CBFA620026946E /* Resources */,
			);
			buildRules = (
			);
			dependencies = (
				320F80D122CBFA620026946E /* PBXTargetDependency */,
			);
			name = NotesTests;
			productName = NotesTests;
			productReference = 320F80CF22CBFA620026946E /* NotesTests.xctest */;
			productType = "com.apple.product-type.bundle.unit-test";
		};
/* End PBXNativeTarget section */

/* Begin PBXProject section */
		320F80B322CBFA600026946E /* Project object */ = {
			isa = PBXProject;
			attributes = {
				LastSwiftUpdateCheck = 1020;
				LastUpgradeCheck = 1020;
				ORGANIZATIONNAME = "Aleksandr Romanov";
				TargetAttributes = {
					320F80BA22CBFA600026946E = {
						CreatedOnToolsVersion = 10.2.1;
					};
					320F80CE22CBFA620026946E = {
						CreatedOnToolsVersion = 10.2.1;
						TestTargetID = 320F80BA22CBFA600026946E;
					};
				};
			};
			buildConfigurationList = 320F80B622CBFA600026946E /* Build configuration list for PBXProject "Notes" */;
			compatibilityVersion = "Xcode 9.3";
			developmentRegion = en;
			hasScannedForEncodings = 0;
			knownRegions = (
				en,
				Base,
			);
			mainGroup = 320F80B222CBFA600026946E;
			productRefGroup = 320F80BC22CBFA600026946E /* Products */;
			projectDirPath = "";
			projectRoot = "";
			targets = (
				320F80BA22CBFA600026946E /* Notes */,
				320F80CE22CBFA620026946E /* NotesTests */,
			);
		};
/* End PBXProject section */

/* Begin PBXResourcesBuildPhase section */
		320F80B922CBFA600026946E /* Resources */ = {
			isa = PBXResourcesBuildPhase;
			buildActionMask = 2147483647;
			files = (
				320F80C922CBFA620026946E /* LaunchScreen.storyboard in Resources */,
				320F80C622CBFA620026946E /* Assets.xcassets in Resources */,
				320F80C422CBFA600026946E /* Main.storyboard in Resources */,
			);
			runOnlyForDeploymentPostprocessing = 0;
		};
		320F80CD22CBFA620026946E /* Resources */ = {
			isa = PBXResourcesBuildPhase;
			buildActionMask = 2147483647;
			files = (
			);
			runOnlyForDeploymentPostprocessing = 0;
		};
/* End PBXResourcesBuildPhase section */

/* Begin PBXSourcesBuildPhase section */
		320F80B722CBFA600026946E /* Sources */ = {
			isa = PBXSourcesBuildPhase;
			buildActionMask = 2147483647;
			files = (
				320F80F622CBFFA70026946E /* Note.swift in Sources */,
				320F80C122CBFA600026946E /* ViewController.swift in Sources */,
				320F80F422CBFFA70026946E /* NoteExtension.swift in Sources */,
				320F80F522CBFFA70026946E /* FileNotebook.swift in Sources */,
				320F80BF22CBFA600026946E /* AppDelegate.swift in Sources */,
			);
			runOnlyForDeploymentPostprocessing = 0;
		};
		320F80CB22CBFA620026946E /* Sources */ = {
			isa = PBXSourcesBuildPhase;
			buildActionMask = 2147483647;
			files = (
				320F80D422CBFA620026946E /* NotesTests.swift in Sources */,
			);
			runOnlyForDeploymentPostprocessing = 0;
		};
/* End PBXSourcesBuildPhase section */

/* Begin PBXTargetDependency section */
		320F80D122CBFA620026946E /* PBXTargetDependency */ = {
			isa = PBXTargetDependency;
			target = 320F80BA22CBFA600026946E /* Notes */;
			targetProxy = 320F80D022CBFA620026946E /* PBXContainerItemProxy */;
		};
/* End PBXTargetDependency section */

/* Begin PBXVariantGroup section */
		320F80C222CBFA600026946E /* Main.storyboard */ = {
			isa = PBXVariantGroup;
			children = (
				320F80C322CBFA600026946E /* Base */,
			);
			name = Main.storyboard;
			sourceTree = "<group>";
		};
		320F80C722CBFA620026946E /* LaunchScreen.storyboard */ = {
			isa = PBXVariantGroup;
			children = (
				320F80C822CBFA620026946E /* Base */,
			);
			name = LaunchScreen.storyboard;
			sourceTree = "<group>";
		};
/* End PBXVariantGroup section */

/* Begin XCBuildConfiguration section */
		320F80D622CBFA620026946E /* Debug */ = {
			isa = XCBuildConfiguration;
			buildSettings = {
				ALWAYS_SEARCH_USER_PATHS = NO;
				CLANG_ANALYZER_NONNULL = YES;
				CLANG_ANALYZER_NUMBER_OBJECT_CONVERSION = YES_AGGRESSIVE;
				CLANG_CXX_LANGUAGE_STANDARD = "gnu++14";
				CLANG_CXX_LIBRARY = "libc++";
				CLANG_ENABLE_MODULES = YES;
				CLANG_ENABLE_OBJC_ARC = YES;
				CLANG_ENABLE_OBJC_WEAK = YES;
				CLANG_WARN_BLOCK_CAPTURE_AUTORELEASING = YES;
				CLANG_WARN_BOOL_CONVERSION = YES;
				CLANG_WARN_COMMA = YES;
				CLANG_WARN_CONSTANT_CONVERSION = YES;
				CLANG_WARN_DEPRECATED_OBJC_IMPLEMENTATIONS = YES;
				CLANG_WARN_DIRECT_OBJC_ISA_USAGE = YES_ERROR;
				CLANG_WARN_DOCUMENTATION_COMMENTS = YES;
				CLANG_WARN_EMPTY_BODY = YES;
				CLANG_WARN_ENUM_CONVERSION = YES;
				CLANG_WARN_INFINITE_RECURSION = YES;
				CLANG_WARN_INT_CONVERSION = YES;
				CLANG_WARN_NON_LITERAL_NULL_CONVERSION = YES;
				CLANG_WARN_OBJC_IMPLICIT_RETAIN_SELF = YES;
				CLANG_WARN_OBJC_LITERAL_CONVERSION = YES;
				CLANG_WARN_OBJC_ROOT_CLASS = YES_ERROR;
				CLANG_WARN_RANGE_LOOP_ANALYSIS = YES;
				CLANG_WARN_STRICT_PROTOTYPES = YES;
				CLANG_WARN_SUSPICIOUS_MOVE = YES;
				CLANG_WARN_UNGUARDED_AVAILABILITY = YES_AGGRESSIVE;
				CLANG_WARN_UNREACHABLE_CODE = YES;
				CLANG_WARN__DUPLICATE_METHOD_MATCH = YES;
				CODE_SIGN_IDENTITY = "iPhone Developer";
				COPY_PHASE_STRIP = NO;
				DEBUG_INFORMATION_FORMAT = dwarf;
				ENABLE_STRICT_OBJC_MSGSEND = YES;
				ENABLE_TESTABILITY = YES;
				GCC_C_LANGUAGE_STANDARD = gnu11;
				GCC_DYNAMIC_NO_PIC = NO;
				GCC_NO_COMMON_BLOCKS = YES;
				GCC_OPTIMIZATION_LEVEL = 0;
				GCC_PREPROCESSOR_DEFINITIONS = (
					"DEBUG=1",
					"$(inherited)",
				);
				GCC_WARN_64_TO_32_BIT_CONVERSION = YES;
				GCC_WARN_ABOUT_RETURN_TYPE = YES_ERROR;
				GCC_WARN_UNDECLARED_SELECTOR = YES;
				GCC_WARN_UNINITIALIZED_AUTOS = YES_AGGRESSIVE;
				GCC_WARN_UNUSED_FUNCTION = YES;
				GCC_WARN_UNUSED_VARIABLE = YES;
				IPHONEOS_DEPLOYMENT_TARGET = 12.2;
				MTL_ENABLE_DEBUG_INFO = INCLUDE_SOURCE;
				MTL_FAST_MATH = YES;
				ONLY_ACTIVE_ARCH = YES;
				SDKROOT = iphoneos;
				SWIFT_ACTIVE_COMPILATION_CONDITIONS = DEBUG;
				SWIFT_OPTIMIZATION_LEVEL = "-Onone";
			};
			name = Debug;
		};
		320F80D722CBFA620026946E /* Release */ = {
			isa = XCBuildConfiguration;
			buildSettings = {
				ALWAYS_SEARCH_USER_PATHS = NO;
				CLANG_ANALYZER_NONNULL = YES;
				CLANG_ANALYZER_NUMBER_OBJECT_CONVERSION = YES_AGGRESSIVE;
				CLANG_CXX_LANGUAGE_STANDARD = "gnu++14";
				CLANG_CXX_LIBRARY = "libc++";
				CLANG_ENABLE_MODULES = YES;
				CLANG_ENABLE_OBJC_ARC = YES;
				CLANG_ENABLE_OBJC_WEAK = YES;
				CLANG_WARN_BLOCK_CAPTURE_AUTORELEASING = YES;
				CLANG_WARN_BOOL_CONVERSION = YES;
				CLANG_WARN_COMMA = YES;
				CLANG_WARN_CONSTANT_CONVERSION = YES;
				CLANG_WARN_DEPRECATED_OBJC_IMPLEMENTATIONS = YES;
				CLANG_WARN_DIRECT_OBJC_ISA_USAGE = YES_ERROR;
				CLANG_WARN_DOCUMENTATION_COMMENTS = YES;
				CLANG_WARN_EMPTY_BODY = YES;
				CLANG_WARN_ENUM_CONVERSION = YES;
				CLANG_WARN_INFINITE_RECURSION = YES;
				CLANG_WARN_INT_CONVERSION = YES;
				CLANG_WARN_NON_LITERAL_NULL_CONVERSION = YES;
				CLANG_WARN_OBJC_IMPLICIT_RETAIN_SELF = YES;
				CLANG_WARN_OBJC_LITERAL_CONVERSION = YES;
				CLANG_WARN_OBJC_ROOT_CLASS = YES_ERROR;
				CLANG_WARN_RANGE_LOOP_ANALYSIS = YES;
				CLANG_WARN_STRICT_PROTOTYPES = YES;
				CLANG_WARN_SUSPICIOUS_MOVE = YES;
				CLANG_WARN_UNGUARDED_AVAILABILITY = YES_AGGRESSIVE;
				CLANG_WARN_UNREACHABLE_CODE = YES;
				CLANG_WARN__DUPLICATE_METHOD_MATCH = YES;
				CODE_SIGN_IDENTITY = "iPhone Developer";
				COPY_PHASE_STRIP = NO;
				DEBUG_INFORMATION_FORMAT = "dwarf-with-dsym";
				ENABLE_NS_ASSERTIONS = NO;
				ENABLE_STRICT_OBJC_MSGSEND = YES;
				GCC_C_LANGUAGE_STANDARD = gnu11;
				GCC_NO_COMMON_BLOCKS = YES;
				GCC_WARN_64_TO_32_BIT_CONVERSION = YES;
				GCC_WARN_ABOUT_RETURN_TYPE = YES_ERROR;
				GCC_WARN_UNDECLARED_SELECTOR = YES;
				GCC_WARN_UNINITIALIZED_AUTOS = YES_AGGRESSIVE;
				GCC_WARN_UNUSED_FUNCTION = YES;
				GCC_WARN_UNUSED_VARIABLE = YES;
				IPHONEOS_DEPLOYMENT_TARGET = 12.2;
				MTL_ENABLE_DEBUG_INFO = NO;
				MTL_FAST_MATH = YES;
				SDKROOT = iphoneos;
				SWIFT_COMPILATION_MODE = wholemodule;
				SWIFT_OPTIMIZATION_LEVEL = "-O";
				VALIDATE_PRODUCT = YES;
			};
			name = Release;
		};
		320F80D922CBFA620026946E /* Debug */ = {
			isa = XCBuildConfiguration;
			buildSettings = {
				ASSETCATALOG_COMPILER_APPICON_NAME = AppIcon;
				CODE_SIGN_STYLE = Automatic;
				DEVELOPMENT_TEAM = ER582ZK85C;
				INFOPLIST_FILE = Notes/Info.plist;
				LD_RUNPATH_SEARCH_PATHS = (
					"$(inherited)",
					"@executable_path/Frameworks",
				);
				PRODUCT_BUNDLE_IDENTIFIER = cc.romanov.Notes;
				PRODUCT_NAME = "$(TARGET_NAME)";
				SWIFT_VERSION = 5.0;
				TARGETED_DEVICE_FAMILY = "1,2";
			};
			name = Debug;
		};
		320F80DA22CBFA620026946E /* Release */ = {
			isa = XCBuildConfiguration;
			buildSettings = {
				ASSETCATALOG_COMPILER_APPICON_NAME = AppIcon;
				CODE_SIGN_STYLE = Automatic;
				DEVELOPMENT_TEAM = ER582ZK85C;
				INFOPLIST_FILE = Notes/Info.plist;
				LD_RUNPATH_SEARCH_PATHS = (
					"$(inherited)",
					"@executable_path/Frameworks",
				);
				PRODUCT_BUNDLE_IDENTIFIER = cc.romanov.Notes;
				PRODUCT_NAME = "$(TARGET_NAME)";
				SWIFT_VERSION = 5.0;
				TARGETED_DEVICE_FAMILY = "1,2";
			};
			name = Release;
		};
		320F80DC22CBFA620026946E /* Debug */ = {
			isa = XCBuildConfiguration;
			buildSettings = {
				ALWAYS_EMBED_SWIFT_STANDARD_LIBRARIES = YES;
				BUNDLE_LOADER = "$(TEST_HOST)";
				CODE_SIGN_STYLE = Automatic;
				DEVELOPMENT_TEAM = ER582ZK85C;
				INFOPLIST_FILE = NotesTests/Info.plist;
				LD_RUNPATH_SEARCH_PATHS = (
					"$(inherited)",
					"@executable_path/Frameworks",
					"@loader_path/Frameworks",
				);
				PRODUCT_BUNDLE_IDENTIFIER = cc.romanov.NotesTests;
				PRODUCT_NAME = "$(TARGET_NAME)";
				SWIFT_VERSION = 5.0;
				TARGETED_DEVICE_FAMILY = "1,2";
				TEST_HOST = "$(BUILT_PRODUCTS_DIR)/Notes.app/Notes";
			};
			name = Debug;
		};
		320F80DD22CBFA620026946E /* Release */ = {
			isa = XCBuildConfiguration;
			buildSettings = {
				ALWAYS_EMBED_SWIFT_STANDARD_LIBRARIES = YES;
				BUNDLE_LOADER = "$(TEST_HOST)";
				CODE_SIGN_STYLE = Automatic;
				DEVELOPMENT_TEAM = ER582ZK85C;
				INFOPLIST_FILE = NotesTests/Info.plist;
				LD_RUNPATH_SEARCH_PATHS = (
					"$(inherited)",
					"@executable_path/Frameworks",
					"@loader_path/Frameworks",
				);
				PRODUCT_BUNDLE_IDENTIFIER = cc.romanov.NotesTests;
				PRODUCT_NAME = "$(TARGET_NAME)";
				SWIFT_VERSION = 5.0;
				TARGETED_DEVICE_FAMILY = "1,2";
				TEST_HOST = "$(BUILT_PRODUCTS_DIR)/Notes.app/Notes";
			};
			name = Release;
		};
/* End XCBuildConfiguration section */

/* Begin XCConfigurationList section */
		320F80B622CBFA600026946E /* Build configuration list for PBXProject "Notes" */ = {
			isa = XCConfigurationList;
			buildConfigurations = (
				320F80D622CBFA620026946E /* Debug */,
				320F80D722CBFA620026946E /* Release */,
			);
			defaultConfigurationIsVisible = 0;
			defaultConfigurationName = Release;
		};
		320F80D822CBFA620026946E /* Build configuration list for PBXNativeTarget "Notes" */ = {
			isa = XCConfigurationList;
			buildConfigurations = (
				320F80D922CBFA620026946E /* Debug */,
				320F80DA22CBFA620026946E /* Release */,
			);
			defaultConfigurationIsVisible = 0;
			defaultConfigurationName = Release;
		};
		320F80DB22CBFA620026946E /* Build configuration list for PBXNativeTarget "NotesTests" */ = {
			isa = XCConfigurationList;
			buildConfigurations = (
				320F80DC22CBFA620026946E /* Debug */,
				320F80DD22CBFA620026946E /* Release */,
			);
			defaultConfigurationIsVisible = 0;
			defaultConfigurationName = Release;
		};
/* End XCConfigurationList section */
	};
	rootObject = 320F80B322CBFA600026946E /* Project object */;
}
